Microsoft Visual Studio Solution File, Format Version 12.00
# 
Project("{9A19103F-16F7-4668-BE54-9A1E7A4F7556}") = "Harvest-Quick", "Harvest-Quick.csproj", "{C8F3A1B4-6E52-4D7A-9F1C-3B5E8D2A7460}"
EndProject
Project("{FAE04EC0-301F-11D3-BF4B-00C04F79EFBC}") = "Harness", "Harness\Harness.csproj", "{D8782724-2B46-4586-972C-B2E0F4D6AC83}"
EndProject
Global
	GlobalSection(SolutionConfigurationPlatforms) = preSolution
		Debug|Any CPU = Debug|Any CPU
		ExportDebug|Any CPU = ExportDebug|Any CPU
		ExportRelease|Any CPU = ExportRelease|Any CPU
	EndGlobalSection
	GlobalSection(ProjectConfigurationPlatforms) = postSolution
		{C8F3A1B4-6E52-4D7A-9F1C-3B5E8D2A7460}.Debug|Any CPU.ActiveCfg = Debug|Any CPU
		{C8F3A1B4-6E52-4D7A-9F1C-3B5E8D2A7460}.Debug|Any CPU.Build.0 = Debug|Any CPU
		{C8F3A1B4-6E52-4D7A-9F1C-3B5E8D2A7460}.ExportDebug|Any CPU.ActiveCfg = ExportDebug|Any CPU
		{C8F3A1B4-6E52-4D7A-9F1C-3B5E8D2A7460}.ExportDebug|Any CPU.Build.0 = ExportDebug|Any CPU
		{C8F3A1B4-6E52-4D7A-9F1C-3B5E8D2A7460}.ExportRelease|Any CPU.ActiveCfg = ExportRelease|Any CPU
		{C8F3A1B4-6E52-4D7A-9F1C-3B5E8D2A7460}.ExportRelease|Any CPU.Build.0 = ExportRelease|Any CPU
		{D8782724-2B46-4586-972C-B2E0F4D6AC83}.Debug|Any CPU.ActiveCfg = Debug|Any CPU
		{D8782724-2B46-4586-972C-B2E0F4D6AC83}.Debug|Any CPU.Build.0 = Debug|Any CPU
		{D8782724-2B46-4586-972C-B2E0F4D6AC83}.ExportDebug|Any CPU.ActiveCfg = Debug|Any CPU
		{D8782724-2B46-4586-972C-B2E0F4D6AC83}.ExportDebug|Any CPU.Build.0 = Debug|Any CPU
		{D8782724-2B46-4586-972C-B2E0F4D6AC83}.ExportRelease|Any CPU.ActiveCfg = Debug|Any CPU
		{D8782724-2B46-4586-972C-B2E0F4D6AC83}.ExportRelease|Any CPU.Build.0 = Debug|Any CPU
	EndGlobalSection
	GlobalSection(SolutionProperties) = preSolution
		HideSolutionNode = FALSE
	EndGlobalSection
EndGlobal
